
Microsoft Visual Studio Solution File, Format Version 10.00
# Visual Studio 2008
Project("{FAE04EC0-301F-11D3-BF4B-00C04F79EFBC}") = "hamming", "hamming\hamming.csproj", "{B59BE029-8E6A-43DB-B055-042952EAD0EC}"
EndProject
Global
	GlobalSection(SolutionConfigurationPlatforms) = preSolution
		Debug|Any CPU = Debug|Any CPU
		Release|Any CPU = Release|Any CPU
	EndGlobalSection
	GlobalSection(ProjectConfigurationPlatforms) = postSolution
		{B59BE029-8E6A-43DB-B055-042952EAD0EC}.Debug|Any CPU.ActiveCfg = Debug|Any CPU
		{B59BE029-8E6A-43DB-B055-042952EAD0EC}.Debug|Any CPU.Build.0 = Debug|Any CPU
		{B59BE029-8E6A-43DB-B055-042952EAD0EC}.Release|Any CPU.ActiveCfg = Release|Any CPU
		{B59BE029-8E6A-43DB-B055-042952EAD0EC}.Release|Any CPU.Build.0 = Release|Any CPU
	EndGlobalSection
	GlobalSection(SolutionProperties) = preSolution
		HideSolutionNode = FALSE
	EndGlobalSection
EndGlobal
